
Microsoft Visual Studio Solution File, Format Version 12.00
# Visual Studio Version 17
VisualStudioVersion = 17.0.31903.59
MinimumVisualStudioVersion = 10.0.40219.1
Project("{2150E333-8FDC-42A3-9474-1A3956D46DE8}") = "src", "src", "{827E0CD3-B72D-47B6-A68D-7590B98EB39B}"
EndProject
Project("{2150E333-8FDC-42A3-9474-1A3956D46DE8}") = "shared", "shared", "{C8E42992-5E42-0C2B-DBFE-AA848D06431C}"
EndProject
Project("{FAE04EC0-301F-11D3-BF4B-00C04F79EFBC}") = "Tnc.Games.TicTacToe.Shared", "src\shared\Tnc.Games.TicTacToe.Shared\Tnc.Games.TicTacToe.Shared.csproj", "{C0E61251-E11C-4C99-B22F-86FEA7001632}"
EndProject
Project("{2150E333-8FDC-42A3-9474-1A3956D46DE8}") = "api", "api", "{81034408-37C8-1011-444E-4C15C2FADA8E}"
EndProject
Project("{FAE04EC0-301F-11D3-BF4B-00C04F79EFBC}") = "Tnc.Games.TicTacToe.Api", "src\api\Tnc.Games.TicTacToe.Api\Tnc.Games.TicTacToe.Api.csproj", "{8E210468-8FB5-403B-A429-E51478DA5E9D}"
EndProject
Project("{2150E333-8FDC-42A3-9474-1A3956D46DE8}") = "web", "web", "{03997797-E7F5-0643-168D-B8EA7178C2FE}"
EndProject
Project("{FAE04EC0-301F-11D3-BF4B-00C04F79EFBC}") = "Tnc.Games.TicTacToe.Web", "src\web\Tnc.Games.TicTacToe.Web\Tnc.Games.TicTacToe.Web.csproj", "{C4492BA9-72D0-4180-A63F-02A1C873C19B}"
EndProject
Project("{2150E333-8FDC-42A3-9474-1A3956D46DE8}") = "tests", "tests", "{0AB3BF05-4346-4AA6-1389-037BE0695223}"
EndProject
Project("{2150E333-8FDC-42A3-9474-1A3956D46DE8}") = "unit", "unit", "{9D556B49-86D1-93A7-9596-FFAAB74EC556}"
EndProject
Project("{FAE04EC0-301F-11D3-BF4B-00C04F79EFBC}") = "TicTacToe.Engine.Tests", "tests\unit\TicTacToe.Engine.Tests\TicTacToe.Engine.Tests.csproj", "{32CE1E3F-48C3-41EC-9BB9-A61386EDBFF8}"
EndProject
Project("{2150E333-8FDC-42A3-9474-1A3956D46DE8}") = "integration", "integration", "{28A6993C-471E-82FE-7D9E-AD3B1EC22BD9}"
EndProject
Project("{FAE04EC0-301F-11D3-BF4B-00C04F79EFBC}") = "TicTacToe.Api.Tests", "tests\integration\TicTacToe.Api.Tests\TicTacToe.Api.Tests.csproj", "{B46BF924-83E9-47A8-9160-68CD12ED5E71}"
EndProject
Global
	GlobalSection(SolutionConfigurationPlatforms) = preSolution
		Debug|Any CPU = Debug|Any CPU
		Debug|x64 = Debug|x64
		Debug|x86 = Debug|x86
		Release|Any CPU = Release|Any CPU
		Release|x64 = Release|x64
		Release|x86 = Release|x86
	EndGlobalSection
	GlobalSection(ProjectConfigurationPlatforms) = postSolution
		{C0E61251-E11C-4C99-B22F-86FEA7001632}.Debug|Any CPU.ActiveCfg = Debug|Any CPU
		{C0E61251-E11C-4C99-B22F-86FEA7001632}.Debug|Any CPU.Build.0 = Debug|Any CPU
		{C0E61251-E11C-4C99-B22F-86FEA7001632}.Debug|x64.ActiveCfg = Debug|Any CPU
		{C0E61251-E11C-4C99-B22F-86FEA7001632}.Debug|x64.Build.0 = Debug|Any CPU
		{C0E61251-E11C-4C99-B22F-86FEA7001632}.Debug|x86.ActiveCfg = Debug|Any CPU
		{C0E61251-E11C-4C99-B22F-86FEA7001632}.Debug|x86.Build.0 = Debug|Any CPU
		{C0E61251-E11C-4C99-B22F-86FEA7001632}.Release|Any CPU.ActiveCfg = Release|Any CPU
		{C0E61251-E11C-4C99-B22F-86FEA7001632}.Release|Any CPU.Build.0 = Release|Any CPU
		{C0E61251-E11C-4C99-B22F-86FEA7001632}.Release|x64.ActiveCfg = Release|Any CPU
		{C0E61251-E11C-4C99-B22F-86FEA7001632}.Release|x64.Build.0 = Release|Any CPU
		{C0E61251-E11C-4C99-B22F-86FEA7001632}.Release|x86.ActiveCfg = Release|Any CPU
		{C0E61251-E11C-4C99-B22F-86FEA7001632}.Release|x86.Build.0 = Release|Any CPU
		{8E210468-8FB5-403B-A429-E51478DA5E9D}.Debug|Any CPU.ActiveCfg = Debug|Any CPU
		{8E210468-8FB5-403B-A429-E51478DA5E9D}.Debug|Any CPU.Build.0 = Debug|Any CPU
		{8E210468-8FB5-403B-A429-E51478DA5E9D}.Debug|x64.ActiveCfg = Debug|Any CPU
		{8E210468-8FB5-403B-A429-E51478DA5E9D}.Debug|x64.Build.0 = Debug|Any CPU
		{8E210468-8FB5-403B-A429-E51478DA5E9D}.Debug|x86.ActiveCfg = Debug|Any CPU
		{8E210468-8FB5-403B-A429-E51478DA5E9D}.Debug|x86.Build.0 = Debug|Any CPU
		{8E210468-8FB5-403B-A429-E51478DA5E9D}.Release|Any CPU.ActiveCfg = Release|Any CPU
		{8E210468-8FB5-403B-A429-E51478DA5E9D}.Release|Any CPU.Build.0 = Release|Any CPU
		{8E210468-8FB5-403B-A429-E51478DA5E9D}.Release|x64.ActiveCfg = Release|Any CPU
		{8E210468-8FB5-403B-A429-E51478DA5E9D}.Release|x64.Build.0 = Release|Any CPU
		{8E210468-8FB5-403B-A429-E51478DA5E9D}.Release|x86.ActiveCfg = Release|Any CPU
		{8E210468-8FB5-403B-A429-E51478DA5E9D}.Release|x86.Build.0 = Release|Any CPU
		{C4492BA9-72D0-4180-A63F-02A1C873C19B}.Debug|Any CPU.ActiveCfg = Debug|Any CPU
		{C4492BA9-72D0-4180-A63F-02A1C873C19B}.Debug|Any CPU.Build.0 = Debug|Any CPU
		{C4492BA9-72D0-4180-A63F-02A1C873C19B}.Debug|x64.ActiveCfg = Debug|Any CPU
		{C4492BA9-72D0-4180-A63F-02A1C873C19B}.Debug|x64.Build.0 = Debug|Any CPU
		{C4492BA9-72D0-4180-A63F-02A1C873C19B}.Debug|x86.ActiveCfg = Debug|Any CPU
		{C4492BA9-72D0-4180-A63F-02A1C873C19B}.Debug|x86.Build.0 = Debug|Any CPU
		{C4492BA9-72D0-4180-A63F-02A1C873C19B}.Release|Any CPU.ActiveCfg = Release|Any CPU
		{C4492BA9-72D0-4180-A63F-02A1C873C19B}.Release|Any CPU.Build.0 = Release|Any CPU
		{C4492BA9-72D0-4180-A63F-02A1C873C19B}.Release|x64.ActiveCfg = Release|Any CPU
		{C4492BA9-72D0-4180-A63F-02A1C873C19B}.Release|x64.Build.0 = Release|Any CPU
		{C4492BA9-72D0-4180-A63F-02A1C873C19B}.Release|x86.ActiveCfg = Release|Any CPU
		{C4492BA9-72D0-4180-A63F-02A1C873C19B}.Release|x86.Build.0 = Release|Any CPU
		{32CE1E3F-48C3-41EC-9BB9-A61386EDBFF8}.Debug|Any CPU.ActiveCfg = Debug|Any CPU
		{32CE1E3F-48C3-41EC-9BB9-A61386EDBFF8}.Debug|Any CPU.Build.0 = Debug|Any CPU
		{32CE1E3F-48C3-41EC-9BB9-A61386EDBFF8}.Debug|x64.ActiveCfg = Debug|Any CPU
		{32CE1E3F-48C3-41EC-9BB9-A61386EDBFF8}.Debug|x64.Build.0 = Debug|Any CPU
		{32CE1E3F-48C3-41EC-9BB9-A61386EDBFF8}.Debug|x86.ActiveCfg = Debug|Any CPU
		{32CE1E3F-48C3-41EC-9BB9-A61386EDBFF8}.Debug|x86.Build.0 = Debug|Any CPU
		{32CE1E3F-48C3-41EC-9BB9-A61386EDBFF8}.Release|Any CPU.ActiveCfg = Release|Any CPU
		{32CE1E3F-48C3-41EC-9BB9-A61386EDBFF8}.Release|Any CPU.Build.0 = Release|Any CPU
		{32CE1E3F-48C3-41EC-9BB9-A61386EDBFF8}.Release|x64.ActiveCfg = Release|Any CPU
		{32CE1E3F-48C3-41EC-9BB9-A61386EDBFF8}.Release|x64.Build.0 = Release|Any CPU
		{32CE1E3F-48C3-41EC-9BB9-A61386EDBFF8}.Release|x86.ActiveCfg = Release|Any CPU
		{32CE1E3F-48C3-41EC-9BB9-A61386EDBFF8}.Release|x86.Build.0 = Release|Any CPU
		{B46BF924-83E9-47A8-9160-68CD12ED5E71}.Debug|Any CPU.ActiveCfg = Debug|Any CPU
		{B46BF924-83E9-47A8-9160-68CD12ED5E71}.Debug|Any CPU.Build.0 = Debug|Any CPU
		{B46BF924-83E9-47A8-9160-68CD12ED5E71}.Debug|x64.ActiveCfg = Debug|Any CPU
		{B46BF924-83E9-47A8-9160-68CD12ED5E71}.Debug|x64.Build.0 = Debug|Any CPU
		{B46BF924-83E9-47A8-9160-68CD12ED5E71}.Debug|x86.ActiveCfg = Debug|Any CPU
		{B46BF924-83E9-47A8-9160-68CD12ED5E71}.Debug|x86.Build.0 = Debug|Any CPU
		{B46BF924-83E9-47A8-9160-68CD12ED5E71}.Release|Any CPU.ActiveCfg = Release|Any CPU
		{B46BF924-83E9-47A8-9160-68CD12ED5E71}.Release|Any CPU.Build.0 = Release|Any CPU
		{B46BF924-83E9-47A8-9160-68CD12ED5E71}.Release|x64.ActiveCfg = Release|Any CPU
		{B46BF924-83E9-47A8-9160-68CD12ED5E71}.Release|x64.Build.0 = Release|Any CPU
		{B46BF924-83E9-47A8-9160-68CD12ED5E71}.Release|x86.ActiveCfg = Release|Any CPU
		{B46BF924-83E9-47A8-9160-68CD12ED5E71}.Release|x86.Build.0 = Release|Any CPU
	EndGlobalSection
	GlobalSection(SolutionProperties) = preSolution
		HideSolutionNode = FALSE
	EndGlobalSection
	GlobalSection(NestedProjects) = preSolution
		{C8E42992-5E42-0C2B-DBFE-AA848D06431C} = {827E0CD3-B72D-47B6-A68D-7590B98EB39B}
		{C0E61251-E11C-4C99-B22F-86FEA7001632} = {C8E42992-5E42-0C2B-DBFE-AA848D06431C}
		{81034408-37C8-1011-444E-4C15C2FADA8E} = {827E0CD3-B72D-47B6-A68D-7590B98EB39B}
		{8E210468-8FB5-403B-A429-E51478DA5E9D} = {81034408-37C8-1011-444E-4C15C2FADA8E}
		{03997797-E7F5-0643-168D-B8EA7178C2FE} = {827E0CD3-B72D-47B6-A68D-7590B98EB39B}
		{C4492BA9-72D0-4180-A63F-02A1C873C19B} = {03997797-E7F5-0643-168D-B8EA7178C2FE}
		{9D556B49-86D1-93A7-9596-FFAAB74EC556} = {0AB3BF05-4346-4AA6-1389-037BE0695223}
		{32CE1E3F-48C3-41EC-9BB9-A61386EDBFF8} = {9D556B49-86D1-93A7-9596-FFAAB74EC556}
		{28A6993C-471E-82FE-7D9E-AD3B1EC22BD9} = {0AB3BF05-4346-4AA6-1389-037BE0695223}
		{B46BF924-83E9-47A8-9160-68CD12ED5E71} = {28A6993C-471E-82FE-7D9E-AD3B1EC22BD9}
	EndGlobalSection
EndGlobal
